{
  "name": "Desktop",
  "lockfileVersion": 3,
  "requires": true,
  "packages": {
    "": {
      "dependencies": {
        "vute": "^1.0.0"
      }
    },
    "node_modules/vute": {
      "version": "1.0.0",
      "resolved": "https://registry.npmjs.org/vute/-/vute-1.0.0.tgz",
      "integrity": "sha512-R+28cGGJIvp7J1mzIzjUu01zYC0bPkd8KrwvzCtYCB57o581ndOuMqRuuGUCe74cH8NsRQ2rAORMg5bDA7atsQ=="
    }
  }
}
